PODS:
  - ComposeApp (1.0)
  - MMKV (2.4.2):
    - MMKVCore (~> 2.4.2)
  - MMKVCore (2.4.2)

DEPENDENCIES:
  - ComposeApp (from `../composeApp`)
  - MMKV (= 2.4.2)

SPEC REPOS:
  trunk:
    - MMKV
    - MMKVCore

EXTERNAL SOURCES:
  ComposeApp:
    :path: "../composeApp"

SPEC CHECKSUMS:
  ComposeApp: 46136f5468ab5a095cc21777c6c35457eb8901e2
  MMKV: d37bccee64404d7c3e1457fabd9368e78d69a80f
  MMKVCore: a58d2ce5b580948122e85be3ddf378c9b1ef739e

PODFILE CHECKSUM: b8b55906bd90a60b3117476b2b9e04af06cd8c3d

COCOAPODS: 1.16.2
